// !$*UTF8*$!
{
	archiveVersion = 1;
	classes = {
	};
	objectVersion = 51;
	objects = {

/* Begin PBXBuildFile section */
		16968CBF265A310700A4A2AB /* GarbageCalenderApp.swift in Sources */ = {isa = PBXBuildFile; fileRef = 16968CBE265A310700A4A2AB /* GarbageCalenderApp.swift */; };
		16968CC1265A310700A4A2AB /* ContentView.swift in Sources */ = {isa = PBXBuildFile; fileRef = 16968CC0265A310700A4A2AB /* ContentView.swift */; };
		16968CC3265A310C00A4A2AB /* Assets.xcassets in Resources */ = {isa = PBXBuildFile; fileRef = 16968CC2265A310C00A4A2AB /* Assets.xcassets */; };
		16968CC6265A310C00A4A2AB /* Preview Assets.xcassets in Resources */ = {isa = PBXBuildFile; fileRef = 16968CC5265A310C00A4A2AB /* Preview Assets.xcassets */; };
		16968CCE265A360200A4A2AB /* CalenderView.swift in Sources */ = {isa = PBXBuildFile; fileRef = 16968CCD265A360200A4A2AB /* CalenderView.swift */; };
		BD66FCFDF67AC1CECB29C0FE /* Pods_GarbageCalender.framework in Frameworks */ = {isa = PBXBuildFile; fileRef = 881A8B82FF476B05DA9C65E0 /* Pods_GarbageCalender.framework */; };
/* End PBXBuildFile section */

/* Begin PBXFileReference section */
		16968CBB265A310700A4A2AB /* GarbageCalender.app */ = {isa = PBXFileReference; explicitFileType = wrapper.application; includeInIndex = 0; path = GarbageCalender.app; sourceTree = BUILT_PRODUCTS_DIR; };
		16968CBE265A310700A4A2AB /* GarbageCalenderApp.swift */ = {isa = PBXFileReference; lastKnownFileType = sourcecode.swift; path = GarbageCalenderApp.swift; sourceTree = "<group>"; };
		16968CC0265A310700A4A2AB /* ContentView.swift */ = {isa = PBXFileReference; lastKnownFileType = sourcecode.swift; path = ContentView.swift; sourceTree = "<group>"; };
		16968CC2265A310C00A4A2AB /* Assets.xcassets */ = {isa = PBXFileReference; lastKnownFileType = folder.assetcatalog; path = Assets.xcassets; sourceTree = "<group>"; };
		16968CC5265A310C00A4A2AB /* Preview Assets.xcassets */ = {isa = PBXFileReference; lastKnownFileType = folder.assetcatalog; path = "Preview Assets.xcassets"; sourceTree = "<group>"; };
		16968CC7265A310C00A4A2AB /* Info.plist */ = {isa = PBXFileReference; lastKnownFileType = text.plist.xml; path = Info.plist; sourceTree = "<group>"; };
		16968CCD265A360200A4A2AB /* CalenderView.swift */ = {isa = PBXFileReference; lastKnownFileType = sourcecode.swift; path = CalenderView.swift; sourceTree = "<group>"; };
		1D8461D93329627E0F31B8BC /* Pods-GarbageCalender.debug.xcconfig */ = {isa = PBXFileReference; includeInIndex = 1; lastKnownFileType = text.xcconfig; name = "Pods-GarbageCalender.debug.xcconfig"; path = "Target Support Files/Pods-GarbageCalender/Pods-GarbageCalender.debug.xcconfig"; sourceTree = "<group>"; };
		75E4FF72ACA4731C2FC5D761 /* Pods-GarbageCalender.release.xcconfig */ = {isa = PBXFileReference; includeInIndex = 1; lastKnownFileType = text.xcconfig; name = "Pods-GarbageCalender.release.xcconfig"; path = "Target Support Files/Pods-GarbageCalender/Pods-GarbageCalender.release.xcconfig"; sourceTree = "<group>"; };
		881A8B82FF476B05DA9C65E0 /* Pods_GarbageCalender.framework */ = {isa = PBXFileReference; explicitFileType = wrapper.framework; includeInIndex = 0; path = Pods_GarbageCalender.framework; sourceTree = BUILT_PRODUCTS_DIR; };
/* End PBXFileReference section */

/* Begin PBXFrameworksBuildPhase section */
		16968CB8265A310700A4A2AB /* Frameworks */ = {
			isa = PBXFrameworksBuildPhase;
			buildActionMask = 2147483647;
			files = (
				BD66FCFDF67AC1CECB29C0FE /* Pods_GarbageCalender.framework in Frameworks */,
			);
			runOnlyForDeploymentPostprocessing = 0;
		};
/* End PBXFrameworksBuildPhase section */

/* Begin PBXGroup section */
		16968CB2265A310700A4A2AB = {
			isa = PBXGroup;
			children = (
				16968CBD265A310700A4A2AB /* GarbageCalender */,
				16968CBC265A310700A4A2AB /* Products */,
				5DE1E3C00BACDBF592429373 /* Pods */,
				F7242D00950CF49BF8CDCE1E /* Frameworks */,
			);
			sourceTree = "<group>";
		};
		16968CBC265A310700A4A2AB /* Products */ = {
			isa = PBXGroup;
			children = (
				16968CBB265A310700A4A2AB /* GarbageCalender.app */,
			);
			name = Products;
			sourceTree = "<group>";
		};
		16968CBD265A310700A4A2AB /* GarbageCalender */ = {
			isa = PBXGroup;
			children = (
				16968CBE265A310700A4A2AB /* GarbageCalenderApp.swift */,
				16968CC0265A310700A4A2AB /* ContentView.swift */,
				16968CC2265A310C00A4A2AB /* Assets.xcassets */,
				16968CC7265A310C00A4A2AB /* Info.plist */,
				16968CC4265A310C00A4A2AB /* Preview Content */,
				16968CCD265A360200A4A2AB /* CalenderView.swift */,
			);
			path = GarbageCalender;
			sourceTree = "<group>";
		};
		16968CC4265A310C00A4A2AB /* Preview Content */ = {
			isa = PBXGroup;
			children = (
				16968CC5265A310C00A4A2AB /* Preview Assets.xcassets */,
			);
			path = "Preview Content";
			sourceTree = "<group>";
		};
		5DE1E3C00BACDBF592429373 /* Pods */ = {
			isa = PBXGroup;
			children = (
				1D8461D93329627E0F31B8BC /* Pods-GarbageCalender.debug.xcconfig */,
				75E4FF72ACA4731C2FC5D761 /* Pods-GarbageCalender.release.xcconfig */,
			);
			path = Pods;
			sourceTree = "<group>";
		};
		F7242D00950CF49BF8CDCE1E /* Frameworks */ = {
			isa = PBXGroup;
			children = (
				881A8B82FF476B05DA9C65E0 /* Pods_GarbageCalender.framework */,
			);
			name = Frameworks;
			sourceTree = "<group>";
		};
/* End PBXGroup section */

/* Begin PBXNativeTarget section */
		16968CBA265A310700A4A2AB /* GarbageCalender */ = {
			isa = PBXNativeTarget;
			buildConfigurationList = 16968CCA265A310C00A4A2AB /* Build configuration list for PBXNativeTarget "GarbageCalender" */;
			buildPhases = (
				00DC92A2C5CE17707DBB4509 /* [CP] Check Pods Manifest.lock */,
				16968CB7265A310700A4A2AB /* Sources */,
				16968CB8265A310700A4A2AB /* Frameworks */,
				16968CB9265A310700A4A2AB /* Resources */,
				3400036933D32DD8AD9C70E5 /* [CP] Embed Pods Frameworks */,
			);
			buildRules = (
			);
			dependencies = (
			);
			name = GarbageCalender;
			productName = GarbageCalender;
			productReference = 16968CBB265A310700A4A2AB /* GarbageCalender.app */;
			productType = "com.apple.product-type.application";
		};
/* End PBXNativeTarget section */

/* Begin PBXProject section */
		16968CB3265A310700A4A2AB /* Project object */ = {
			isa = PBXProject;
			attributes = {
				LastSwiftUpdateCheck = 1250;
				LastUpgradeCheck = 1250;
				TargetAttributes = {
					16968CBA265A310700A4A2AB = {
						CreatedOnToolsVersion = 12.5;
					};
				};
			};
			buildConfigurationList = 16968CB6265A310700A4A2AB /* Build configuration list for PBXProject "GarbageCalender" */;
			compatibilityVersion = "Xcode 9.3";
			developmentRegion = en;
			hasScannedForEncodings = 0;
			knownRegions = (
				en,
				Base,
			);
			mainGroup = 16968CB2265A310700A4A2AB;
			productRefGroup = 16968CBC265A310700A4A2AB /* Products */;
			projectDirPath = "";
			projectRoot = "";
			targets = (
				16968CBA265A310700A4A2AB /* GarbageCalender */,
			);
		};
/* End PBXProject section */

/* Begin PBXResourcesBuildPhase section */
		16968CB9265A310700A4A2AB /* Resources */ = {
			isa = PBXResourcesBuildPhase;
			buildActionMask = 2147483647;
			files = (
				16968CC6265A310C00A4A2AB /* Preview Assets.xcassets in Resources */,
				16968CC3265A310C00A4A2AB /* Assets.xcassets in Resources */,
			);
			runOnlyForDeploymentPostprocessing = 0;
		};
/* End PBXResourcesBuildPhase section */

/* Begin PBXShellScriptBuildPhase section */
		00DC92A2C5CE17707DBB4509 /* [CP] Check Pods Manifest.lock */ = {
			isa = PBXShellScriptBuildPhase;
			buildActionMask = 2147483647;
			files = (
			);
			inputFileListPaths = (
			);
			inputPaths = (
				"${PODS_PODFILE_DIR_PATH}/Podfile.lock",
				"${PODS_ROOT}/Manifest.lock",
			);
			name = "[CP] Check Pods Manifest.lock";
			outputFileListPaths = (
			);
			outputPaths = (
				"$(DERIVED_FILE_DIR)/Pods-GarbageCalender-checkManifestLockResult.txt",
			);
			runOnlyForDeploymentPostprocessing = 0;
			shellPath = /bin/sh;
			shellScript = "diff \"${PODS_PODFILE_DIR_PATH}/Podfile.lock\" \"${PODS_ROOT}/Manifest.lock\" > /dev/null\nif [ $? != 0 ] ; then\n    # print error to STDERR\n    echo \"error: The sandbox is not in sync with the Podfile.lock. Run 'pod install' or update your CocoaPods installation.\" >&2\n    exit 1\nfi\n# This output is used by Xcode 'outputs' to avoid re-running this script phase.\necho \"SUCCESS\" > \"${SCRIPT_OUTPUT_FILE_0}\"\n";
			showEnvVarsInLog = 0;
		};
		3400036933D32DD8AD9C70E5 /* [CP] Embed Pods Frameworks */ = {
			isa = PBXShellScriptBuildPhase;
			buildActionMask = 2147483647;
			files = (
			);
			inputFileListPaths = (
				"${PODS_ROOT}/Target Support Files/Pods-GarbageCalender/Pods-GarbageCalender-frameworks-${CONFIGURATION}-input-files.xcfilelist",
			);
			name = "[CP] Embed Pods Frameworks";
			outputFileListPaths = (
				"${PODS_ROOT}/Target Support Files/Pods-GarbageCalender/Pods-GarbageCalender-frameworks-${CONFIGURATION}-output-files.xcfilelist",
			);
			runOnlyForDeploymentPostprocessing = 0;
			shellPath = /bin/sh;
			shellScript = "\"${PODS_ROOT}/Target Support Files/Pods-GarbageCalender/Pods-GarbageCalender-frameworks.sh\"\n";
			showEnvVarsInLog = 0;
		};
/* End PBXShellScriptBuildPhase section */

/* Begin PBXSourcesBuildPhase section */
		16968CB7265A310700A4A2AB /* Sources */ = {
			isa = PBXSourcesBuildPhase;
			buildActionMask = 2147483647;
			files = (
				16968CC1265A310700A4A2AB /* ContentView.swift in Sources */,
				16968CBF265A310700A4A2AB /* GarbageCalenderApp.swift in Sources */,
				16968CCE265A360200A4A2AB /* CalenderView.swift in Sources */,
			);
			runOnlyForDeploymentPostprocessing = 0;
		};
/* End PBXSourcesBuildPhase section */

/* Begin XCBuildConfiguration section */
		16968CC8265A310C00A4A2AB /* Debug */ = {
			isa = XCBuildConfiguration;
			buildSettings = {
				ALWAYS_SEARCH_USER_PATHS = NO;
				CLANG_ANALYZER_NONNULL = YES;
				CLANG_ANALYZER_NUMBER_OBJECT_CONVERSION = YES_AGGRESSIVE;
				CLANG_CXX_LANGUAGE_STANDARD = "gnu++14";
				CLANG_CXX_LIBRARY = "libc++";
				CLANG_ENABLE_MODULES = YES;
				CLANG_ENABLE_OBJC_ARC = YES;
				CLANG_ENABLE_OBJC_WEAK = YES;
				CLANG_WARN_BLOCK_CAPTURE_AUTORELEASING = YES;
				CLANG_WARN_BOOL_CONVERSION = YES;
				CLANG_WARN_COMMA = YES;
				CLANG_WARN_CONSTANT_CONVERSION = YES;
				CLANG_WARN_DEPRECATED_OBJC_IMPLEMENTATIONS = YES;
				CLANG_WARN_DIRECT_OBJC_ISA_USAGE = YES_ERROR;
				CLANG_WARN_DOCUMENTATION_COMMENTS = YES;
				CLANG_WARN_EMPTY_BODY = YES;
				CLANG_WARN_ENUM_CONVERSION = YES;
				CLANG_WARN_INFINITE_RECURSION = YES;
				CLANG_WARN_INT_CONVERSION = YES;
				CLANG_WARN_NON_LITERAL_NULL_CONVERSION = YES;
				CLANG_WARN_OBJC_IMPLICIT_RETAIN_SELF = YES;
				CLANG_WARN_OBJC_LITERAL_CONVERSION = YES;
				CLANG_WARN_OBJC_ROOT_CLASS = YES_ERROR;
				CLANG_WARN_QUOTED_INCLUDE_IN_FRAMEWORK_HEADER = YES;
				CLANG_WARN_RANGE_LOOP_ANALYSIS = YES;
				CLANG_WARN_STRICT_PROTOTYPES = YES;
				CLANG_WARN_SUSPICIOUS_MOVE = YES;
				CLANG_WARN_UNGUARDED_AVAILABILITY = YES_AGGRESSIVE;
				CLANG_WARN_UNREACHABLE_CODE = YES;
				CLANG_WARN__DUPLICATE_METHOD_MATCH = YES;
				COPY_PHASE_STRIP = NO;
				DEBUG_INFORMATION_FORMAT = dwarf;
				ENABLE_STRICT_OBJC_MSGSEND = YES;
				ENABLE_TESTABILITY = YES;
				GCC_C_LANGUAGE_STANDARD = gnu11;
				GCC_DYNAMIC_NO_PIC = NO;
				GCC_NO_COMMON_BLOCKS = YES;
				GCC_OPTIMIZATION_LEVEL = 0;
				GCC_PREPROCESSOR_DEFINITIONS = (
					"DEBUG=1",
					"$(inherited)",
				);
				GCC_WARN_64_TO_32_BIT_CONVERSION = YES;
				GCC_WARN_ABOUT_RETURN_TYPE = YES_ERROR;
				GCC_WARN_UNDECLARED_SELECTOR = YES;
				GCC_WARN_UNINITIALIZED_AUTOS = YES_AGGRESSIVE;
				GCC_WARN_UNUSED_FUNCTION = YES;
				GCC_WARN_UNUSED_VARIABLE = YES;
				IPHONEOS_DEPLOYMENT_TARGET = 14.5;
				MTL_ENABLE_DEBUG_INFO = INCLUDE_SOURCE;
				MTL_FAST_MATH = YES;
				ONLY_ACTIVE_ARCH = YES;
				SDKROOT = iphoneos;
				SWIFT_ACTIVE_COMPILATION_CONDITIONS = DEBUG;
				SWIFT_OPTIMIZATION_LEVEL = "-Onone";
			};
			name = Debug;
		};
		16968CC9265A310C00A4A2AB /* Release */ = {
			isa = XCBuildConfiguration;
			buildSettings = {
				ALWAYS_SEARCH_USER_PATHS = NO;
				CLANG_ANALYZER_NONNULL = YES;
				CLANG_ANALYZER_NUMBER_OBJECT_CONVERSION = YES_AGGRESSIVE;
				CLANG_CXX_LANGUAGE_STANDARD = "gnu++14";
				CLANG_CXX_LIBRARY = "libc++";
				CLANG_ENABLE_MODULES = YES;
				CLANG_ENABLE_OBJC_ARC = YES;
				CLANG_ENABLE_OBJC_WEAK = YES;
				CLANG_WARN_BLOCK_CAPTURE_AUTORELEASING = YES;
				CLANG_WARN_BOOL_CONVERSION = YES;
				CLANG_WARN_COMMA = YES;
				CLANG_WARN_CONSTANT_CONVERSION = YES;
				CLANG_WARN_DEPRECATED_OBJC_IMPLEMENTATIONS = YES;
				CLANG_WARN_DIRECT_OBJC_ISA_USAGE = YES_ERROR;
				CLANG_WARN_DOCUMENTATION_COMMENTS = YES;
				CLANG_WARN_EMPTY_BODY = YES;
				CLANG_WARN_ENUM_CONVERSION = YES;
				CLANG_WARN_INFINITE_RECURSION = YES;
				CLANG_WARN_INT_CONVERSION = YES;
				CLANG_WARN_NON_LITERAL_NULL_CONVERSION = YES;
				CLANG_WARN_OBJC_IMPLICIT_RETAIN_SELF = YES;
				CLANG_WARN_OBJC_LITERAL_CONVERSION = YES;
				CLANG_WARN_OBJC_ROOT_CLASS = YES_ERROR;
				CLANG_WARN_QUOTED_INCLUDE_IN_FRAMEWORK_HEADER = YES;
				CLANG_WARN_RANGE_LOOP_ANALYSIS = YES;
				CLANG_WARN_STRICT_PROTOTYPES = YES;
				CLANG_WARN_SUSPICIOUS_MOVE = YES;
				CLANG_WARN_UNGUARDED_AVAILABILITY = YES_AGGRESSIVE;
				CLANG_WARN_UNREACHABLE_CODE = YES;
				CLANG_WARN__DUPLICATE_METHOD_MATCH = YES;
				COPY_PHASE_STRIP = NO;
				DEBUG_INFORMATION_FORMAT = "dwarf-with-dsym";
				ENABLE_NS_ASSERTIONS = NO;
				ENABLE_STRICT_OBJC_MSGSEND = YES;
				GCC_C_LANGUAGE_STANDARD = gnu11;
				GCC_NO_COMMON_BLOCKS = YES;
				GCC_WARN_64_TO_32_BIT_CONVERSION = YES;
				GCC_WARN_ABOUT_RETURN_TYPE = YES_ERROR;
				GCC_WARN_UNDECLARED_SELECTOR = YES;
				GCC_WARN_UNINITIALIZED_AUTOS = YES_AGGRESSIVE;
				GCC_WARN_UNUSED_FUNCTION = YES;
				GCC_WARN_UNUSED_VARIABLE = YES;
				IPHONEOS_DEPLOYMENT_TARGET = 14.5;
				MTL_ENABLE_DEBUG_INFO = NO;
				MTL_FAST_MATH = YES;
				SDKROOT = iphoneos;
				SWIFT_COMPILATION_MODE = wholemodule;
				SWIFT_OPTIMIZATION_LEVEL = "-O";
				VALIDATE_PRODUCT = YES;
			};
			name = Release;
		};
		16968CCB265A310C00A4A2AB /* Debug */ = {
			isa = XCBuildConfiguration;
			baseConfigurationReference = 1D8461D93329627E0F31B8BC /* Pods-GarbageCalender.debug.xcconfig */;
			buildSettings = {
				ASSETCATALOG_COMPILER_APPICON_NAME = AppIcon;
				ASSETCATALOG_COMPILER_GLOBAL_ACCENT_COLOR_NAME = AccentColor;
				CODE_SIGN_STYLE = Automatic;
				DEVELOPMENT_ASSET_PATHS = "\"GarbageCalender/Preview Content\"";
				DEVELOPMENT_TEAM = 27PDE49Z62;
				ENABLE_PREVIEWS = YES;
				INFOPLIST_FILE = GarbageCalender/Info.plist;
				IPHONEOS_DEPLOYMENT_TARGET = 14.0;
				LD_RUNPATH_SEARCH_PATHS = (
					"$(inherited)",
					"@executable_path/Frameworks",
				);
				PRODUCT_BUNDLE_IDENTIFIER = com.yoshida.GabargeCalender.GarbageCalender;
				PRODUCT_NAME = "$(TARGET_NAME)";
				SWIFT_VERSION = 5.0;
				TARGETED_DEVICE_FAMILY = "1,2";
			};
			name = Debug;
		};
		16968CCC265A310C00A4A2AB /* Release */ = {
			isa = XCBuildConfiguration;
			baseConfigurationReference = 75E4FF72ACA4731C2FC5D761 /* Pods-GarbageCalender.release.xcconfig */;
			buildSettings = {
				ASSETCATALOG_COMPILER_APPICON_NAME = AppIcon;
				ASSETCATALOG_COMPILER_GLOBAL_ACCENT_COLOR_NAME = AccentColor;
				CODE_SIGN_STYLE = Automatic;
				DEVELOPMENT_ASSET_PATHS = "\"GarbageCalender/Preview Content\"";
				DEVELOPMENT_TEAM = 27PDE49Z62;
				ENABLE_PREVIEWS = YES;
				INFOPLIST_FILE = GarbageCalender/Info.plist;
				IPHONEOS_DEPLOYMENT_TARGET = 14.0;
				LD_RUNPATH_SEARCH_PATHS = (
					"$(inherited)",
					"@executable_path/Frameworks",
				);
				PRODUCT_BUNDLE_IDENTIFIER = com.yoshida.GabargeCalender.GarbageCalender;
				PRODUCT_NAME = "$(TARGET_NAME)";
				SWIFT_VERSION = 5.0;
				TARGETED_DEVICE_FAMILY = "1,2";
			};
			name = Release;
		};
/* End XCBuildConfiguration section */

/* Begin XCConfigurationList section */
		16968CB6265A310700A4A2AB /* Build configuration list for PBXProject "GarbageCalender" */ = {
			isa = XCConfigurationList;
			buildConfigurations = (
				16968CC8265A310C00A4A2AB /* Debug */,
				16968CC9265A310C00A4A2AB /* Release */,
			);
			defaultConfigurationIsVisible = 0;
			defaultConfigurationName = Release;
		};
		16968CCA265A310C00A4A2AB /* Build configuration list for PBXNativeTarget "GarbageCalender" */ = {
			isa = XCConfigurationList;
			buildConfigurations = (
				16968CCB265A310C00A4A2AB /* Debug */,
				16968CCC265A310C00A4A2AB /* Release */,
			);
			defaultConfigurationIsVisible = 0;
			defaultConfigurationName = Release;
		};
/* End XCConfigurationList section */
	};
	rootObject = 16968CB3265A310700A4A2AB /* Project object */;
}
